// !$*UTF8*$!
{
	archiveVersion = 1;
	classes = {
	};
	objectVersion = 55;
	objects = {

/* Begin PBXBuildFile section */
		637067DF399563B147C2BB91 /* Pods_Alamofire_Testing.framework in Frameworks */ = {isa = PBXBuildFile; fileRef = 4AD06CB343578F403FCFB72B /* Pods_Alamofire_Testing.framework */; };
		BB782C9428A262D300506035 /* AppDelegate.swift in Sources */ = {isa = PBXBuildFile; fileRef = BB782C9328A262D300506035 /* AppDelegate.swift */; };
		BB782C9628A262D300506035 /* SceneDelegate.swift in Sources */ = {isa = PBXBuildFile; fileRef = BB782C9528A262D300506035 /* SceneDelegate.swift */; };
		BB782C9828A262D300506035 /* ViewController.swift in Sources */ = {isa = PBXBuildFile; fileRef = BB782C9728A262D300506035 /* ViewController.swift */; };
		BB782C9B28A262D300506035 /* Main.storyboard in Resources */ = {isa = PBXBuildFile; fileRef = BB782C9928A262D300506035 /* Main.storyboard */; };
		BB782C9D28A262D600506035 /* Assets.xcassets in Resources */ = {isa = PBXBuildFile; fileRef = BB782C9C28A262D600506035 /* Assets.xcassets */; };
		BB782CA028A262D600506035 /* LaunchScreen.storyboard in Resources */ = {isa = PBXBuildFile; fileRef = BB782C9E28A262D600506035 /* LaunchScreen.storyboard */; };
		BB782CA828A265EC00506035 /* NetworkingClient.swift in Sources */ = {isa = PBXBuildFile; fileRef = BB782CA728A265EC00506035 /* NetworkingClient.swift */; };
/* End PBXBuildFile section */

/* Begin PBXFileReference section */
		314FB041D24B6146E043609A /* Pods-Alamofire Testing.release.xcconfig */ = {isa = PBXFileReference; includeInIndex = 1; lastKnownFileType = text.xcconfig; name = "Pods-Alamofire Testing.release.xcconfig"; path = "Target Support Files/Pods-Alamofire Testing/Pods-Alamofire Testing.release.xcconfig"; sourceTree = "<group>"; };
		4AD06CB343578F403FCFB72B /* Pods_Alamofire_Testing.framework */ = {isa = PBXFileReference; explicitFileType = wrapper.framework; includeInIndex = 0; path = Pods_Alamofire_Testing.framework; sourceTree = BUILT_PRODUCTS_DIR; };
		AF49B117601F98AE0CEB94D1 /* Pods-Alamofire Testing.debug.xcconfig */ = {isa = PBXFileReference; includeInIndex = 1; lastKnownFileType = text.xcconfig; name = "Pods-Alamofire Testing.debug.xcconfig"; path = "Target Support Files/Pods-Alamofire Testing/Pods-Alamofire Testing.debug.xcconfig"; sourceTree = "<group>"; };
		BB782C9028A262D300506035 /* Alamofire Testing.app */ = {isa = PBXFileReference; explicitFileType = wrapper.application; includeInIndex = 0; path = "Alamofire Testing.app"; sourceTree = BUILT_PRODUCTS_DIR; };
		BB782C9328A262D300506035 /* AppDelegate.swift */ = {isa = PBXFileReference; lastKnownFileType = sourcecode.swift; path = AppDelegate.swift; sourceTree = "<group>"; };
		BB782C9528A262D300506035 /* SceneDelegate.swift */ = {isa = PBXFileReference; lastKnownFileType = sourcecode.swift; path = SceneDelegate.swift; sourceTree = "<group>"; };
		BB782C9728A262D300506035 /* ViewController.swift */ = {isa = PBXFileReference; lastKnownFileType = sourcecode.swift; path = ViewController.swift; sourceTree = "<group>"; };
		BB782C9A28A262D300506035 /* Base */ = {isa = PBXFileReference; lastKnownFileType = file.storyboard; name = Base; path = Base.lproj/Main.storyboard; sourceTree = "<group>"; };
		BB782C9C28A262D600506035 /* Assets.xcassets */ = {isa = PBXFileReference; lastKnownFileType = folder.assetcatalog; path = Assets.xcassets; sourceTree = "<group>"; };
		BB782C9F28A262D600506035 /* Base */ = {isa = PBXFileReference; lastKnownFileType = file.storyboard; name = Base; path = Base.lproj/LaunchScreen.storyboard; sourceTree = "<group>"; };
		BB782CA128A262D600506035 /* Info.plist */ = {isa = PBXFileReference; lastKnownFileType = text.plist.xml; path = Info.plist; sourceTree = "<group>"; };
		BB782CA728A265EC00506035 /* NetworkingClient.swift */ = {isa = PBXFileReference; lastKnownFileType = sourcecode.swift; path = NetworkingClient.swift; sourceTree = "<group>"; };
/* End PBXFileReference section */

/* Begin PBXFrameworksBuildPhase section */
		BB782C8D28A262D300506035 /* Frameworks */ = {
			isa = PBXFrameworksBuildPhase;
			buildActionMask = 2147483647;
			files = (
				637067DF399563B147C2BB91 /* Pods_Alamofire_Testing.framework in Frameworks */,
			);
			runOnlyForDeploymentPostprocessing = 0;
		};
/* End PBXFrameworksBuildPhase section */

/* Begin PBXGroup section */
		5E59D66BF82118B3D1658B7A /* Frameworks */ = {
			isa = PBXGroup;
			children = (
				4AD06CB343578F403FCFB72B /* Pods_Alamofire_Testing.framework */,
			);
			name = Frameworks;
			sourceTree = "<group>";
		};
		75F9EF81B6800D03981C8A89 /* Pods */ = {
			isa = PBXGroup;
			children = (
				AF49B117601F98AE0CEB94D1 /* Pods-Alamofire Testing.debug.xcconfig */,
				314FB041D24B6146E043609A /* Pods-Alamofire Testing.release.xcconfig */,
			);
			path = Pods;
			sourceTree = "<group>";
		};
		BB782C8728A262D300506035 = {
			isa = PBXGroup;
			children = (
				BB782C9228A262D300506035 /* Alamofire Testing */,
				BB782C9128A262D300506035 /* Products */,
				75F9EF81B6800D03981C8A89 /* Pods */,
				5E59D66BF82118B3D1658B7A /* Frameworks */,
			);
			sourceTree = "<group>";
		};
		BB782C9128A262D300506035 /* Products */ = {
			isa = PBXGroup;
			children = (
				BB782C9028A262D300506035 /* Alamofire Testing.app */,
			);
			name = Products;
			sourceTree = "<group>";
		};
		BB782C9228A262D300506035 /* Alamofire Testing */ = {
			isa = PBXGroup;
			children = (
				BB782C9328A262D300506035 /* AppDelegate.swift */,
				BB782C9528A262D300506035 /* SceneDelegate.swift */,
				BB782C9728A262D300506035 /* ViewController.swift */,
				BB782CA728A265EC00506035 /* NetworkingClient.swift */,
				BB782C9928A262D300506035 /* Main.storyboard */,
				BB782C9C28A262D600506035 /* Assets.xcassets */,
				BB782C9E28A262D600506035 /* LaunchScreen.storyboard */,
				BB782CA128A262D600506035 /* Info.plist */,
			);
			path = "Alamofire Testing";
			sourceTree = "<group>";
		};
/* End PBXGroup section */

/* Begin PBXNativeTarget section */
		BB782C8F28A262D300506035 /* Alamofire Testing */ = {
			isa = PBXNativeTarget;
			buildConfigurationList = BB782CA428A262D600506035 /* Build configuration list for PBXNativeTarget "Alamofire Testing" */;
			buildPhases = (
				6437ADEF16C6E027C4B6308D /* [CP] Check Pods Manifest.lock */,
				BB782C8C28A262D300506035 /* Sources */,
				BB782C8D28A262D300506035 /* Frameworks */,
				BB782C8E28A262D300506035 /* Resources */,
				0BA6FD53CB48FAF1E57831B1 /* [CP] Embed Pods Frameworks */,
			);
			buildRules = (
			);
			dependencies = (
			);
			name = "Alamofire Testing";
			productName = "Alamofire Testing";
			productReference = BB782C9028A262D300506035 /* Alamofire Testing.app */;
			productType = "com.apple.product-type.application";
		};
/* End PBXNativeTarget section */

/* Begin PBXProject section */
		BB782C8828A262D300506035 /* Project object */ = {
			isa = PBXProject;
			attributes = {
				BuildIndependentTargetsInParallel = 1;
				LastSwiftUpdateCheck = 1340;
				LastUpgradeCheck = 1340;
				TargetAttributes = {
					BB782C8F28A262D300506035 = {
						CreatedOnToolsVersion = 13.4.1;
					};
				};
			};
			buildConfigurationList = BB782C8B28A262D300506035 /* Build configuration list for PBXProject "Alamofire Testing" */;
			compatibilityVersion = "Xcode 13.0";
			developmentRegion = en;
			hasScannedForEncodings = 0;
			knownRegions = (
				en,
				Base,
			);
			mainGroup = BB782C8728A262D300506035;
			productRefGroup = BB782C9128A262D300506035 /* Products */;
			projectDirPath = "";
			projectRoot = "";
			targets = (
				BB782C8F28A262D300506035 /* Alamofire Testing */,
			);
		};
/* End PBXProject section */

/* Begin PBXResourcesBuildPhase section */
		BB782C8E28A262D300506035 /* Resources */ = {
			isa = PBXResourcesBuildPhase;
			buildActionMask = 2147483647;
			files = (
				BB782CA028A262D600506035 /* LaunchScreen.storyboard in Resources */,
				BB782C9D28A262D600506035 /* Assets.xcassets in Resources */,
				BB782C9B28A262D300506035 /* Main.storyboard in Resources */,
			);
			runOnlyForDeploymentPostprocessing = 0;
		};
/* End PBXResourcesBuildPhase section */

/* Begin PBXShellScriptBuildPhase section */
		0BA6FD53CB48FAF1E57831B1 /* [CP] Embed Pods Frameworks */ = {
			isa = PBXShellScriptBuildPhase;
			buildActionMask = 2147483647;
			files = (
			);
			inputFileListPaths = (
				"${PODS_ROOT}/Target Support Files/Pods-Alamofire Testing/Pods-Alamofire Testing-frameworks-${CONFIGURATION}-input-files.xcfilelist",
			);
			name = "[CP] Embed Pods Frameworks";
			outputFileListPaths = (
				"${PODS_ROOT}/Target Support Files/Pods-Alamofire Testing/Pods-Alamofire Testing-frameworks-${CONFIGURATION}-output-files.xcfilelist",
			);
			runOnlyForDeploymentPostprocessing = 0;
			shellPath = /bin/sh;
			shellScript = "\"${PODS_ROOT}/Target Support Files/Pods-Alamofire Testing/Pods-Alamofire Testing-frameworks.sh\"\n";
			showEnvVarsInLog = 0;
		};
		6437ADEF16C6E027C4B6308D /* [CP] Check Pods Manifest.lock */ = {
			isa = PBXShellScriptBuildPhase;
			buildActionMask = 2147483647;
			files = (
			);
			inputFileListPaths = (
			);
			inputPaths = (
				"${PODS_PODFILE_DIR_PATH}/Podfile.lock",
				"${PODS_ROOT}/Manifest.lock",
			);
			name = "[CP] Check Pods Manifest.lock";
			outputFileListPaths = (
			);
			outputPaths = (
				"$(DERIVED_FILE_DIR)/Pods-Alamofire Testing-checkManifestLockResult.txt",
			);
			runOnlyForDeploymentPostprocessing = 0;
			shellPath = /bin/sh;
			shellScript = "diff \"${PODS_PODFILE_DIR_PATH}/Podfile.lock\" \"${PODS_ROOT}/Manifest.lock\" > /dev/null\nif [ $? != 0 ] ; then\n    # print error to STDERR\n    echo \"error: The sandbox is not in sync with the Podfile.lock. Run 'pod install' or update your CocoaPods installation.\" >&2\n    exit 1\nfi\n# This output is used by Xcode 'outputs' to avoid re-running this script phase.\necho \"SUCCESS\" > \"${SCRIPT_OUTPUT_FILE_0}\"\n";
			showEnvVarsInLog = 0;
		};
/* End PBXShellScriptBuildPhase section */

/* Begin PBXSourcesBuildPhase section */
		BB782C8C28A262D300506035 /* Sources */ = {
			isa = PBXSourcesBuildPhase;
			buildActionMask = 2147483647;
			files = (
				BB782CA828A265EC00506035 /* NetworkingClient.swift in Sources */,
				BB782C9828A262D300506035 /* ViewController.swift in Sources */,
				BB782C9428A262D300506035 /* AppDelegate.swift in Sources */,
				BB782C9628A262D300506035 /* SceneDelegate.swift in Sources */,
			);
			runOnlyForDeploymentPostprocessing = 0;
		};
/* End PBXSourcesBuildPhase section */

/* Begin PBXVariantGroup section */
		BB782C9928A262D300506035 /* Main.storyboard */ = {
			isa = PBXVariantGroup;
			children = (
				BB782C9A28A262D300506035 /* Base */,
			);
			name = Main.storyboard;
			sourceTree = "<group>";
		};
		BB782C9E28A262D600506035 /* LaunchScreen.storyboard */ = {
			isa = PBXVariantGroup;
			children = (
				BB782C9F28A262D600506035 /* Base */,
			);
			name = LaunchScreen.storyboard;
			sourceTree = "<group>";
		};
/* End PBXVariantGroup section */

/* Begin XCBuildConfiguration section */
		BB782CA228A262D600506035 /* Debug */ = {
			isa = XCBuildConfiguration;
			buildSettings = {
				ALWAYS_SEARCH_USER_PATHS = NO;
				CLANG_ANALYZER_NONNULL = YES;
				CLANG_ANALYZER_NUMBER_OBJECT_CONVERSION = YES_AGGRESSIVE;
				CLANG_CXX_LANGUAGE_STANDARD = "gnu++17";
				CLANG_ENABLE_MODULES = YES;
				CLANG_ENABLE_OBJC_ARC = YES;
				CLANG_ENABLE_OBJC_WEAK = YES;
				CLANG_WARN_BLOCK_CAPTURE_AUTORELEASING = YES;
				CLANG_WARN_BOOL_CONVERSION = YES;
				CLANG_WARN_COMMA = YES;
				CLANG_WARN_CONSTANT_CONVERSION = YES;
				CLANG_WARN_DEPRECATED_OBJC_IMPLEMENTATIONS = YES;
				CLANG_WARN_DIRECT_OBJC_ISA_USAGE = YES_ERROR;
				CLANG_WARN_DOCUMENTATION_COMMENTS = YES;
				CLANG_WARN_EMPTY_BODY = YES;
				CLANG_WARN_ENUM_CONVERSION = YES;
				CLANG_WARN_INFINITE_RECURSION = YES;
				CLANG_WARN_INT_CONVERSION = YES;
				CLANG_WARN_NON_LITERAL_NULL_CONVERSION = YES;
				CLANG_WARN_OBJC_IMPLICIT_RETAIN_SELF = YES;
				CLANG_WARN_OBJC_LITERAL_CONVERSION = YES;
				CLANG_WARN_OBJC_ROOT_CLASS = YES_ERROR;
				CLANG_WARN_QUOTED_INCLUDE_IN_FRAMEWORK_HEADER = YES;
				CLANG_WARN_RANGE_LOOP_ANALYSIS = YES;
				CLANG_WARN_STRICT_PROTOTYPES = YES;
				CLANG_WARN_SUSPICIOUS_MOVE = YES;
				CLANG_WARN_UNGUARDED_AVAILABILITY = YES_AGGRESSIVE;
				CLANG_WARN_UNREACHABLE_CODE = YES;
				CLANG_WARN__DUPLICATE_METHOD_MATCH = YES;
				COPY_PHASE_STRIP = NO;
				DEBUG_INFORMATION_FORMAT = dwarf;
				ENABLE_STRICT_OBJC_MSGSEND = YES;
				ENABLE_TESTABILITY = YES;
				GCC_C_LANGUAGE_STANDARD = gnu11;
				GCC_DYNAMIC_NO_PIC = NO;
				GCC_NO_COMMON_BLOCKS = YES;
				GCC_OPTIMIZATION_LEVEL = 0;
				GCC_PREPROCESSOR_DEFINITIONS = (
					"DEBUG=1",
					"$(inherited)",
				);
				GCC_WARN_64_TO_32_BIT_CONVERSION = YES;
				GCC_WARN_ABOUT_RETURN_TYPE = YES_ERROR;
				GCC_WARN_UNDECLARED_SELECTOR = YES;
				GCC_WARN_UNINITIALIZED_AUTOS = YES_AGGRESSIVE;
				GCC_WARN_UNUSED_FUNCTION = YES;
				GCC_WARN_UNUSED_VARIABLE = YES;
				IPHONEOS_DEPLOYMENT_TARGET = 15.5;
				MTL_ENABLE_DEBUG_INFO = INCLUDE_SOURCE;
				MTL_FAST_MATH = YES;
				ONLY_ACTIVE_ARCH = YES;
				SDKROOT = iphoneos;
				SWIFT_ACTIVE_COMPILATION_CONDITIONS = DEBUG;
				SWIFT_OPTIMIZATION_LEVEL = "-Onone";
			};
			name = Debug;
		};
		BB782CA328A262D600506035 /* Release */ = {
			isa = XCBuildConfiguration;
			buildSettings = {
				ALWAYS_SEARCH_USER_PATHS = NO;
				CLANG_ANALYZER_NONNULL = YES;
				CLANG_ANALYZER_NUMBER_OBJECT_CONVERSION = YES_AGGRESSIVE;
				CLANG_CXX_LANGUAGE_STANDARD = "gnu++17";
				CLANG_ENABLE_MODULES = YES;
				CLANG_ENABLE_OBJC_ARC = YES;
				CLANG_ENABLE_OBJC_WEAK = YES;
				CLANG_WARN_BLOCK_CAPTURE_AUTORELEASING = YES;
				CLANG_WARN_BOOL_CONVERSION = YES;
				CLANG_WARN_COMMA = YES;
				CLANG_WARN_CONSTANT_CONVERSION = YES;
				CLANG_WARN_DEPRECATED_OBJC_IMPLEMENTATIONS = YES;
				CLANG_WARN_DIRECT_OBJC_ISA_USAGE = YES_ERROR;
				CLANG_WARN_DOCUMENTATION_COMMENTS = YES;
				CLANG_WARN_EMPTY_BODY = YES;
				CLANG_WARN_ENUM_CONVERSION = YES;
				CLANG_WARN_INFINITE_RECURSION = YES;
				CLANG_WARN_INT_CONVERSION = YES;
				CLANG_WARN_NON_LITERAL_NULL_CONVERSION = YES;
				CLANG_WARN_OBJC_IMPLICIT_RETAIN_SELF = YES;
				CLANG_WARN_OBJC_LITERAL_CONVERSION = YES;
				CLANG_WARN_OBJC_ROOT_CLASS = YES_ERROR;
				CLANG_WARN_QUOTED_INCLUDE_IN_FRAMEWORK_HEADER = YES;
				CLANG_WARN_RANGE_LOOP_ANALYSIS = YES;
				CLANG_WARN_STRICT_PROTOTYPES = YES;
				CLANG_WARN_SUSPICIOUS_MOVE = YES;
				CLANG_WARN_UNGUARDED_AVAILABILITY = YES_AGGRESSIVE;
				CLANG_WARN_UNREACHABLE_CODE = YES;
				CLANG_WARN__DUPLICATE_METHOD_MATCH = YES;
				COPY_PHASE_STRIP = NO;
				DEBUG_INFORMATION_FORMAT = "dwarf-with-dsym";
				ENABLE_NS_ASSERTIONS = NO;
				ENABLE_STRICT_OBJC_MSGSEND = YES;
				GCC_C_LANGUAGE_STANDARD = gnu11;
				GCC_NO_COMMON_BLOCKS = YES;
				GCC_WARN_64_TO_32_BIT_CONVERSION = YES;
				GCC_WARN_ABOUT_RETURN_TYPE = YES_ERROR;
				GCC_WARN_UNDECLARED_SELECTOR = YES;
				GCC_WARN_UNINITIALIZED_AUTOS = YES_AGGRESSIVE;
				GCC_WARN_UNUSED_FUNCTION = YES;
				GCC_WARN_UNUSED_VARIABLE = YES;
				IPHONEOS_DEPLOYMENT_TARGET = 15.5;
				MTL_ENABLE_DEBUG_INFO = NO;
				MTL_FAST_MATH = YES;
				SDKROOT = iphoneos;
				SWIFT_COMPILATION_MODE = wholemodule;
				SWIFT_OPTIMIZATION_LEVEL = "-O";
				VALIDATE_PRODUCT = YES;
			};
			name = Release;
		};
		BB782CA528A262D600506035 /* Debug */ = {
			isa = XCBuildConfiguration;
			baseConfigurationReference = AF49B117601F98AE0CEB94D1 /* Pods-Alamofire Testing.debug.xcconfig */;
			buildSettings = {
				ASSETCATALOG_COMPILER_APPICON_NAME = AppIcon;
				ASSETCATALOG_COMPILER_GLOBAL_ACCENT_COLOR_NAME = AccentColor;
				CODE_SIGN_STYLE = Automatic;
				CURRENT_PROJECT_VERSION = 1;
				DEVELOPMENT_TEAM = 4GVR9352YB;
				GENERATE_INFOPLIST_FILE = YES;
				INFOPLIST_FILE = "Alamofire Testing/Info.plist";
				INFOPLIST_KEY_UIApplicationSupportsIndirectInputEvents = YES;
				INFOPLIST_KEY_UILaunchStoryboardName = LaunchScreen;
				INFOPLIST_KEY_UIMainStoryboardFile = Main;
				INFOPLIST_KEY_UISupportedInterfaceOrientations_iPad = "UIInterfaceOrientationPortrait UIInterfaceOrientationPortraitUpsideDown UIInterfaceOrientationLandscapeLeft UIInterfaceOrientationLandscapeRight";
				INFOPLIST_KEY_UISupportedInterfaceOrientations_iPhone = "UIInterfaceOrientationPortrait UIInterfaceOrientationLandscapeLeft UIInterfaceOrientationLandscapeRight";
				LD_RUNPATH_SEARCH_PATHS = (
					"$(inherited)",
					"@executable_path/Frameworks",
				);
				MARKETING_VERSION = 1.0;
				PRODUCT_BUNDLE_IDENTIFIER = "com.hamza.Alamofire-Testing";
				PRODUCT_NAME = "$(TARGET_NAME)";
				SWIFT_EMIT_LOC_STRINGS = YES;
				SWIFT_VERSION = 5.0;
				TARGETED_DEVICE_FAMILY = "1,2";
			};
			name = Debug;
		};
		BB782CA628A262D600506035 /* Release */ = {
			isa = XCBuildConfiguration;
			baseConfigurationReference = 314FB041D24B6146E043609A /* Pods-Alamofire Testing.release.xcconfig */;
			buildSettings = {
				ASSETCATALOG_COMPILER_APPICON_NAME = AppIcon;
				ASSETCATALOG_COMPILER_GLOBAL_ACCENT_COLOR_NAME = AccentColor;
				CODE_SIGN_STYLE = Automatic;
				CURRENT_PROJECT_VERSION = 1;
				DEVELOPMENT_TEAM = 4GVR9352YB;
				GENERATE_INFOPLIST_FILE = YES;
				INFOPLIST_FILE = "Alamofire Testing/Info.plist";
				INFOPLIST_KEY_UIApplicationSupportsIndirectInputEvents = YES;
				INFOPLIST_KEY_UILaunchStoryboardName = LaunchScreen;
				INFOPLIST_KEY_UIMainStoryboardFile = Main;
				INFOPLIST_KEY_UISupportedInterfaceOrientations_iPad = "UIInterfaceOrientationPortrait UIInterfaceOrientationPortraitUpsideDown UIInterfaceOrientationLandscapeLeft UIInterfaceOrientationLandscapeRight";
				INFOPLIST_KEY_UISupportedInterfaceOrientations_iPhone = "UIInterfaceOrientationPortrait UIInterfaceOrientationLandscapeLeft UIInterfaceOrientationLandscapeRight";
				LD_RUNPATH_SEARCH_PATHS = (
					"$(inherited)",
					"@executable_path/Frameworks",
				);
				MARKETING_VERSION = 1.0;
				PRODUCT_BUNDLE_IDENTIFIER = "com.hamza.Alamofire-Testing";
				PRODUCT_NAME = "$(TARGET_NAME)";
				SWIFT_EMIT_LOC_STRINGS = YES;
				SWIFT_VERSION = 5.0;
				TARGETED_DEVICE_FAMILY = "1,2";
			};
			name = Release;
		};
/* End XCBuildConfiguration section */

/* Begin XCConfigurationList section */
		BB782C8B28A262D300506035 /* Build configuration list for PBXProject "Alamofire Testing" */ = {
			isa = XCConfigurationList;
			buildConfigurations = (
				BB782CA228A262D600506035 /* Debug */,
				BB782CA328A262D600506035 /* Release */,
			);
			defaultConfigurationIsVisible = 0;
			defaultConfigurationName = Release;
		};
		BB782CA428A262D600506035 /* Build configuration list for PBXNativeTarget "Alamofire Testing" */ = {
			isa = XCConfigurationList;
			buildConfigurations = (
				BB782CA528A262D600506035 /* Debug */,
				BB782CA628A262D600506035 /* Release */,
			);
			defaultConfigurationIsVisible = 0;
			defaultConfigurationName = Release;
		};
/* End XCConfigurationList section */
	};
	rootObject = BB782C8828A262D300506035 /* Project object */;
}
